
Microsoft Visual Studio Solution File, Format Version 12.00
# Visual Studio Version 17
VisualStudioVersion = 17.4.33110.190
MinimumVisualStudioVersion = 10.0.40219.1
Project("{FAE04EC0-301F-11D3-BF4B-00C04F79EFBC}") = "bTreeConsole", "bTreeConsole.csproj", "{D831E418-2AFD-4130-96C7-9B5118A40943}"
EndProject
Global
	GlobalSection(SolutionConfigurationPlatforms) = preSolution
		Debug|Any CPU = Debug|Any CPU
		Release|Any CPU = Release|Any CPU
	EndGlobalSection
	GlobalSection(ProjectConfigurationPlatforms) = postSolution
		{D831E418-2AFD-4130-96C7-9B5118A40943}.Debug|Any CPU.ActiveCfg = Debug|Any CPU
		{D831E418-2AFD-4130-96C7-9B5118A40943}.Debug|Any CPU.Build.0 = Debug|Any CPU
		{D831E418-2AFD-4130-96C7-9B5118A40943}.Release|Any CPU.ActiveCfg = Release|Any CPU
		{D831E418-2AFD-4130-96C7-9B5118A40943}.Release|Any CPU.Build.0 = Release|Any CPU
	EndGlobalSection
	GlobalSection(SolutionProperties) = preSolution
		HideSolutionNode = FALSE
	EndGlobalSection
	GlobalSection(ExtensibilityGlobals) = postSolution
		SolutionGuid = {F3CB1D6B-3A63-442E-90D4-397C92B8BA88}
	EndGlobalSection
EndGlobal
